
Microsoft Visual Studio Solution File, Format Version 12.00
# Visual Studio 15
VisualStudioVersion = 15.0.28010.2046
MinimumVisualStudioVersion = 10.0.40219.1
Project("{FAE04EC0-301F-11D3-BF4B-00C04F79EFBC}") = "Ex_Salarios", "Ex_Salarios\Ex_Salarios.csproj", "{6BF801C0-762F-4E82-AB2D-94179AA317E6}"
EndProject
Global
	GlobalSection(SolutionConfigurationPlatforms) = preSolution
		Debug|Any CPU = Debug|Any CPU
		Release|Any CPU = Release|Any CPU
	EndGlobalSection
	GlobalSection(ProjectConfigurationPlatforms) = postSolution
		{6BF801C0-762F-4E82-AB2D-94179AA317E6}.Debug|Any CPU.ActiveCfg = Debug|Any CPU
		{6BF801C0-762F-4E82-AB2D-94179AA317E6}.Debug|Any CPU.Build.0 = Debug|Any CPU
		{6BF801C0-762F-4E82-AB2D-94179AA317E6}.Release|Any CPU.ActiveCfg = Release|Any CPU
		{6BF801C0-762F-4E82-AB2D-94179AA317E6}.Release|Any CPU.Build.0 = Release|Any CPU
	EndGlobalSection
	GlobalSection(SolutionProperties) = preSolution
		HideSolutionNode = FALSE
	EndGlobalSection
	GlobalSection(ExtensibilityGlobals) = postSolution
		SolutionGuid = {372C3385-A03B-4CE8-829E-1977C557C9FD}
	EndGlobalSection
EndGlobal
